
Microsoft Visual Studio Solution File, Format Version 12.00
# Visual Studio Version 17
VisualStudioVersion = 17.6.33815.320
MinimumVisualStudioVersion = 10.0.40219.1
Project("{FAE04EC0-301F-11D3-BF4B-00C04F79EFBC}") = "WebApplication1", "WebApplication1\WebApplication1.csproj", "{4ED3CE83-268B-45EC-A065-57036519B5C7}"
EndProject
Global
	GlobalSection(SolutionConfigurationPlatforms) = preSolution
		Debug|Any CPU = Debug|Any CPU
		Release|Any CPU = Release|Any CPU
	EndGlobalSection
	GlobalSection(ProjectConfigurationPlatforms) = postSolution
		{4ED3CE83-268B-45EC-A065-57036519B5C7}.Debug|Any CPU.ActiveCfg = Debug|Any CPU
		{4ED3CE83-268B-45EC-A065-57036519B5C7}.Debug|Any CPU.Build.0 = Debug|Any CPU
		{4ED3CE83-268B-45EC-A065-57036519B5C7}.Release|Any CPU.ActiveCfg = Release|Any CPU
		{4ED3CE83-268B-45EC-A065-57036519B5C7}.Release|Any CPU.Build.0 = Release|Any CPU
	EndGlobalSection
	GlobalSection(SolutionProperties) = preSolution
		HideSolutionNode = FALSE
	EndGlobalSection
	GlobalSection(ExtensibilityGlobals) = postSolution
		SolutionGuid = {70152877-F0A7-4776-9EA5-2C7AAEA406F9}
	EndGlobalSection
EndGlobal
